
Microsoft Visual Studio Solution File, Format Version 12.00
# Visual Studio Version 16
VisualStudioVersion = 16.0.30114.105
MinimumVisualStudioVersion = 10.0.40219.1
Project("{9A19103F-16F7-4668-BE54-9A1E7A4F7556}") = "DayZModTool", "DayZModTool\DayZModTool.csproj", "{5C2E34A6-3EE1-4237-A259-FB8F1D5C3360}"
EndProject
Global
	GlobalSection(SolutionConfigurationPlatforms) = preSolution
		Debug|Any CPU = Debug|Any CPU
		Release|Any CPU = Release|Any CPU
	EndGlobalSection
	GlobalSection(ProjectConfigurationPlatforms) = postSolution
		{5C2E34A6-3EE1-4237-A259-FB8F1D5C3360}.Debug|Any CPU.ActiveCfg = Debug|Any CPU
		{5C2E34A6-3EE1-4237-A259-FB8F1D5C3360}.Debug|Any CPU.Build.0 = Debug|Any CPU
		{5C2E34A6-3EE1-4237-A259-FB8F1D5C3360}.Release|Any CPU.ActiveCfg = Release|Any CPU
		{5C2E34A6-3EE1-4237-A259-FB8F1D5C3360}.Release|Any CPU.Build.0 = Release|Any CPU
	EndGlobalSection
	GlobalSection(SolutionProperties) = preSolution
		HideSolutionNode = FALSE
	EndGlobalSection
	GlobalSection(ExtensibilityGlobals) = postSolution
		SolutionGuid = {080E9650-1FF6-4CD8-9AB2-C06DB087B218}
	EndGlobalSection
EndGlobal
