
Microsoft Visual Studio Solution File, Format Version 12.00
# Visual Studio Version 16
VisualStudioVersion = 16.0.30114.105
MinimumVisualStudioVersion = 10.0.40219.1
Project("{9A19103F-16F7-4668-BE54-9A1E7A4F7556}") = "DayZModTool", "DayZModTool\DayZModTool.csproj", "{5C2E34A6-3EE1-4237-A259-FB8F1D5C3360}"
EndProject
Project("{9A19103F-16F7-4668-BE54-9A1E7A4F7556}") = "XmlIni", "XmlIni\XmlIni.csproj", "{56D8FDBC-D6D8-4C36-B22B-AE59B514820C}"
EndProject
Project("{9A19103F-16F7-4668-BE54-9A1E7A4F7556}") = "Logging", "Logging\Logging.csproj", "{FF161B6A-63AF-41D2-AF00-ECDF93F1D0E8}"
EndProject
Project("{9A19103F-16F7-4668-BE54-9A1E7A4F7556}") = "Database", "Database\Database.csproj", "{861D3D35-1FE9-4301-906D-BE9B19F3F57B}"
EndProject
Project("{9A19103F-16F7-4668-BE54-9A1E7A4F7556}") = "Model", "Model\Model.csproj", "{A91120D5-B0E3-468D-A40F-179F39DA2294}"
EndProject
Project("{9A19103F-16F7-4668-BE54-9A1E7A4F7556}") = "Services", "Services\Services.csproj", "{9D83B02B-51D8-4550-B387-D000290391EC}"
EndProject
Project("{9A19103F-16F7-4668-BE54-9A1E7A4F7556}") = "VerschlueßelungsTools", "VerschlueßelungsTools\VerschlueßelungsTools.csproj", "{BEDC4C01-D936-48FF-9387-D8F7DDDE264D}"
EndProject
Project("{FAE04EC0-301F-11D3-BF4B-00C04F79EFBC}") = "BindableBase", "BindableBase\BindableBase.csproj", "{F4AAA499-E581-42D7-B557-DA58169C6EEF}"
EndProject
Project("{FAE04EC0-301F-11D3-BF4B-00C04F79EFBC}") = "MyICommand", "MyICommand\MyICommand.csproj", "{C9AEA67F-A6A2-4865-A27A-E8CE7BD6E12A}"
EndProject
Global
	GlobalSection(SolutionConfigurationPlatforms) = preSolution
		Debug|Any CPU = Debug|Any CPU
		Release|Any CPU = Release|Any CPU
	EndGlobalSection
	GlobalSection(ProjectConfigurationPlatforms) = postSolution
		{5C2E34A6-3EE1-4237-A259-FB8F1D5C3360}.Debug|Any CPU.ActiveCfg = Debug|Any CPU
		{5C2E34A6-3EE1-4237-A259-FB8F1D5C3360}.Debug|Any CPU.Build.0 = Debug|Any CPU
		{5C2E34A6-3EE1-4237-A259-FB8F1D5C3360}.Release|Any CPU.ActiveCfg = Release|Any CPU
		{5C2E34A6-3EE1-4237-A259-FB8F1D5C3360}.Release|Any CPU.Build.0 = Release|Any CPU
		{56D8FDBC-D6D8-4C36-B22B-AE59B514820C}.Debug|Any CPU.ActiveCfg = Debug|Any CPU
		{56D8FDBC-D6D8-4C36-B22B-AE59B514820C}.Debug|Any CPU.Build.0 = Debug|Any CPU
		{56D8FDBC-D6D8-4C36-B22B-AE59B514820C}.Release|Any CPU.ActiveCfg = Release|Any CPU
		{56D8FDBC-D6D8-4C36-B22B-AE59B514820C}.Release|Any CPU.Build.0 = Release|Any CPU
		{FF161B6A-63AF-41D2-AF00-ECDF93F1D0E8}.Debug|Any CPU.ActiveCfg = Debug|Any CPU
		{FF161B6A-63AF-41D2-AF00-ECDF93F1D0E8}.Debug|Any CPU.Build.0 = Debug|Any CPU
		{FF161B6A-63AF-41D2-AF00-ECDF93F1D0E8}.Release|Any CPU.ActiveCfg = Release|Any CPU
		{FF161B6A-63AF-41D2-AF00-ECDF93F1D0E8}.Release|Any CPU.Build.0 = Release|Any CPU
		{861D3D35-1FE9-4301-906D-BE9B19F3F57B}.Debug|Any CPU.ActiveCfg = Debug|Any CPU
		{861D3D35-1FE9-4301-906D-BE9B19F3F57B}.Debug|Any CPU.Build.0 = Debug|Any CPU
		{861D3D35-1FE9-4301-906D-BE9B19F3F57B}.Release|Any CPU.ActiveCfg = Release|Any CPU
		{861D3D35-1FE9-4301-906D-BE9B19F3F57B}.Release|Any CPU.Build.0 = Release|Any CPU
		{A91120D5-B0E3-468D-A40F-179F39DA2294}.Debug|Any CPU.ActiveCfg = Debug|Any CPU
		{A91120D5-B0E3-468D-A40F-179F39DA2294}.Debug|Any CPU.Build.0 = Debug|Any CPU
		{A91120D5-B0E3-468D-A40F-179F39DA2294}.Release|Any CPU.ActiveCfg = Release|Any CPU
		{A91120D5-B0E3-468D-A40F-179F39DA2294}.Release|Any CPU.Build.0 = Release|Any CPU
		{9D83B02B-51D8-4550-B387-D000290391EC}.Debug|Any CPU.ActiveCfg = Debug|Any CPU
		{9D83B02B-51D8-4550-B387-D000290391EC}.Debug|Any CPU.Build.0 = Debug|Any CPU
		{9D83B02B-51D8-4550-B387-D000290391EC}.Release|Any CPU.ActiveCfg = Release|Any CPU
		{9D83B02B-51D8-4550-B387-D000290391EC}.Release|Any CPU.Build.0 = Release|Any CPU
		{BEDC4C01-D936-48FF-9387-D8F7DDDE264D}.Debug|Any CPU.ActiveCfg = Debug|Any CPU
		{BEDC4C01-D936-48FF-9387-D8F7DDDE264D}.Debug|Any CPU.Build.0 = Debug|Any CPU
		{BEDC4C01-D936-48FF-9387-D8F7DDDE264D}.Release|Any CPU.ActiveCfg = Release|Any CPU
		{BEDC4C01-D936-48FF-9387-D8F7DDDE264D}.Release|Any CPU.Build.0 = Release|Any CPU
		{F4AAA499-E581-42D7-B557-DA58169C6EEF}.Debug|Any CPU.ActiveCfg = Debug|Any CPU
		{F4AAA499-E581-42D7-B557-DA58169C6EEF}.Debug|Any CPU.Build.0 = Debug|Any CPU
		{F4AAA499-E581-42D7-B557-DA58169C6EEF}.Release|Any CPU.ActiveCfg = Release|Any CPU
		{F4AAA499-E581-42D7-B557-DA58169C6EEF}.Release|Any CPU.Build.0 = Release|Any CPU
		{C9AEA67F-A6A2-4865-A27A-E8CE7BD6E12A}.Debug|Any CPU.ActiveCfg = Debug|Any CPU
		{C9AEA67F-A6A2-4865-A27A-E8CE7BD6E12A}.Debug|Any CPU.Build.0 = Debug|Any CPU
		{C9AEA67F-A6A2-4865-A27A-E8CE7BD6E12A}.Release|Any CPU.ActiveCfg = Release|Any CPU
		{C9AEA67F-A6A2-4865-A27A-E8CE7BD6E12A}.Release|Any CPU.Build.0 = Release|Any CPU
	EndGlobalSection
	GlobalSection(SolutionProperties) = preSolution
		HideSolutionNode = FALSE
	EndGlobalSection
	GlobalSection(ExtensibilityGlobals) = postSolution
		SolutionGuid = {080E9650-1FF6-4CD8-9AB2-C06DB087B218}
	EndGlobalSection
EndGlobal
